
Microsoft Visual Studio Solution File, Format Version 12.00
# Visual Studio Version 17
VisualStudioVersion = 17.5.002.0
MinimumVisualStudioVersion = 10.0.40219.1
Project("{9A19103F-16F7-4668-BE54-9A1E7A4F7556}") = "SchoolManagementApp.mvc", "SchoolManagementApp.mvc.csproj", "{469BD721-6846-4DB9-ABAD-D5DCC96A5930}"
EndProject
Global
	GlobalSection(SolutionConfigurationPlatforms) = preSolution
		Debug|Any CPU = Debug|Any CPU
		Release|Any CPU = Release|Any CPU
	EndGlobalSection
	GlobalSection(ProjectConfigurationPlatforms) = postSolution
		{469BD721-6846-4DB9-ABAD-D5DCC96A5930}.Debug|Any CPU.ActiveCfg = Debug|Any CPU
		{469BD721-6846-4DB9-ABAD-D5DCC96A5930}.Debug|Any CPU.Build.0 = Debug|Any CPU
		{469BD721-6846-4DB9-ABAD-D5DCC96A5930}.Release|Any CPU.ActiveCfg = Release|Any CPU
		{469BD721-6846-4DB9-ABAD-D5DCC96A5930}.Release|Any CPU.Build.0 = Release|Any CPU
	EndGlobalSection
	GlobalSection(SolutionProperties) = preSolution
		HideSolutionNode = FALSE
	EndGlobalSection
	GlobalSection(ExtensibilityGlobals) = postSolution
		SolutionGuid = {36726EF4-6191-452A-BEA5-1E5308E5543E}
	EndGlobalSection
EndGlobal
